
Microsoft Visual Studio Solution File, Format Version 12.00
# Visual Studio Version 17
VisualStudioVersion = 17.7.34221.43
MinimumVisualStudioVersion = 10.0.40219.1
Project("{FAE04EC0-301F-11D3-BF4B-00C04F79EFBC}") = "Squama", "Squama\Squama.csproj", "{1EFC7013-5445-43D4-9999-312977F0BD29}"
EndProject
Global
	GlobalSection(SolutionConfigurationPlatforms) = preSolution
		Debug|Any CPU = Debug|Any CPU
		Release|Any CPU = Release|Any CPU
	EndGlobalSection
	GlobalSection(ProjectConfigurationPlatforms) = postSolution
		{1EFC7013-5445-43D4-9999-312977F0BD29}.Debug|Any CPU.ActiveCfg = Debug|Any CPU
		{1EFC7013-5445-43D4-9999-312977F0BD29}.Debug|Any CPU.Build.0 = Debug|Any CPU
		{1EFC7013-5445-43D4-9999-312977F0BD29}.Release|Any CPU.ActiveCfg = Release|Any CPU
		{1EFC7013-5445-43D4-9999-312977F0BD29}.Release|Any CPU.Build.0 = Release|Any CPU
	EndGlobalSection
	GlobalSection(SolutionProperties) = preSolution
		HideSolutionNode = FALSE
	EndGlobalSection
	GlobalSection(ExtensibilityGlobals) = postSolution
		SolutionGuid = {CE926462-B62B-4497-9515-771CC5AE3222}
	EndGlobalSection
EndGlobal
